// !$*UTF8*$!
{
	archiveVersion = 1;
	classes = {
	};
	objectVersion = 50;
	objects = {

/* Begin PBXBuildFile section */
		0B24FB2A2279D82D00177483 /* main.cpp in Sources */ = {isa = PBXBuildFile; fileRef = 0B24FB292279D82D00177483 /* main.cpp */; };
		0B24FB51227AB83B00177483 /* OpenGL.framework in Frameworks */ = {isa = PBXBuildFile; fileRef = 0B24FB50227AB83B00177483 /* OpenGL.framework */; };
		0B24FB53227AB84600177483 /* GLUT.framework in Frameworks */ = {isa = PBXBuildFile; fileRef = 0B24FB52227AB84600177483 /* GLUT.framework */; };
		0B24FB55227AB85E00177483 /* libGLEW.2.1.0.dylib in Frameworks */ = {isa = PBXBuildFile; fileRef = 0B24FB54227AB85E00177483 /* libGLEW.2.1.0.dylib */; };
		0B24FB57227AB87100177483 /* glfw3.h in Frameworks */ = {isa = PBXBuildFile; fileRef = 0B24FB56227AB87100177483 /* glfw3.h */; };
		0B24FB59227AB88A00177483 /* libglfw.3.2.dylib in Frameworks */ = {isa = PBXBuildFile; fileRef = 0B24FB58227AB88A00177483 /* libglfw.3.2.dylib */; };
		0B24FB5B227AB8A400177483 /* mat4x4.hpp in Frameworks */ = {isa = PBXBuildFile; fileRef = 0B24FB5A227AB8A400177483 /* mat4x4.hpp */; };
		0B24FB5D227AB8B800177483 /* glm.hpp in Frameworks */ = {isa = PBXBuildFile; fileRef = 0B24FB5C227AB8B800177483 /* glm.hpp */; };
		0B24FB5F227AB8D400177483 /* matrix_transform.hpp in Frameworks */ = {isa = PBXBuildFile; fileRef = 0B24FB5E227AB8D400177483 /* matrix_transform.hpp */; };
		0B24FB61227AB90000177483 /* type_ptr.hpp in Frameworks */ = {isa = PBXBuildFile; fileRef = 0B24FB60227AB90000177483 /* type_ptr.hpp */; };
		0B24FB75227ABE9900177483 /* Mesh.cpp in Sources */ = {isa = PBXBuildFile; fileRef = 0B24FB74227ABE9900177483 /* Mesh.cpp */; };
		0B24FB78227AC09A00177483 /* Shader.cpp in Sources */ = {isa = PBXBuildFile; fileRef = 0B24FB77227AC09A00177483 /* Shader.cpp */; };
		0B24FB7B227AC13F00177483 /* Window.cpp in Sources */ = {isa = PBXBuildFile; fileRef = 0B24FB7A227AC13F00177483 /* Window.cpp */; };
		0B24FB7E227ADD3600177483 /* Camera.cpp in Sources */ = {isa = PBXBuildFile; fileRef = 0B24FB7D227ADD3600177483 /* Camera.cpp */; };
		0B24FB81227AF97100177483 /* Texture.cpp in Sources */ = {isa = PBXBuildFile; fileRef = 0B24FB80227AF97100177483 /* Texture.cpp */; };
		0B24FB88227B16A000177483 /* Light.cpp in Sources */ = {isa = PBXBuildFile; fileRef = 0B24FB87227B169F00177483 /* Light.cpp */; };
		0B24FB8B227B2A9300177483 /* Material.cpp in Sources */ = {isa = PBXBuildFile; fileRef = 0B24FB8A227B2A9300177483 /* Material.cpp */; };
		0B24FB8E227B384E00177483 /* DirectionalLight.cpp in Sources */ = {isa = PBXBuildFile; fileRef = 0B24FB8D227B384E00177483 /* DirectionalLight.cpp */; };
		0B24FB91227B3B3D00177483 /* PointLight.cpp in Sources */ = {isa = PBXBuildFile; fileRef = 0B24FB90227B3B3D00177483 /* PointLight.cpp */; };
		0B4712F422839EE70047DBBF /* OmniShadowMap.cpp in Sources */ = {isa = PBXBuildFile; fileRef = 0B4712F222839EE70047DBBF /* OmniShadowMap.cpp */; };
		0B4712F72283B75E0047DBBF /* Skybox.cpp in Sources */ = {isa = PBXBuildFile; fileRef = 0B4712F52283B75E0047DBBF /* Skybox.cpp */; };
		0BCCB7A7227B75A800B80699 /* SpotLight.cpp in Sources */ = {isa = PBXBuildFile; fileRef = 0BCCB7A6227B75A800B80699 /* SpotLight.cpp */; };
		0BCCB7AB227F0A3300B80699 /* libassimp.4.1.0.dylib in Frameworks */ = {isa = PBXBuildFile; fileRef = 0BCCB7AA227F0A3300B80699 /* libassimp.4.1.0.dylib */; };
		0BCCB7AD227F0A8C00B80699 /* Importer.hpp in Frameworks */ = {isa = PBXBuildFile; fileRef = 0BCCB7AC227F0A8C00B80699 /* Importer.hpp */; };
		0BCCB7AF227F0B5300B80699 /* Model.cpp in Sources */ = {isa = PBXBuildFile; fileRef = 0BCCB7AE227F0B5300B80699 /* Model.cpp */; };
		0BCCB7B2227F0C8400B80699 /* assimp in Frameworks */ = {isa = PBXBuildFile; fileRef = 0BCCB7B1227F0C8400B80699 /* assimp */; };
		0BCCB7B92281317D00B80699 /* ShadowMap.cpp in Sources */ = {isa = PBXBuildFile; fileRef = 0BCCB7B82281317D00B80699 /* ShadowMap.cpp */; };
/* End PBXBuildFile section */

/* Begin PBXCopyFilesBuildPhase section */
		0B24FB242279D82D00177483 /* CopyFiles */ = {
			isa = PBXCopyFilesBuildPhase;
			buildActionMask = 2147483647;
			dstPath = /usr/share/man/man1/;
			dstSubfolderSpec = 0;
			files = (
			);
			runOnlyForDeploymentPostprocessing = 1;
		};
/* End PBXCopyFilesBuildPhase section */

/* Begin PBXFileReference section */
		0B24FB262279D82D00177483 /* CGV Project */ = {isa = PBXFileReference; explicitFileType = "compiled.mach-o.executable"; includeInIndex = 0; path = "CGV Project"; sourceTree = BUILT_PRODUCTS_DIR; };
		0B24FB292279D82D00177483 /* main.cpp */ = {isa = PBXFileReference; lastKnownFileType = sourcecode.cpp.cpp; path = main.cpp; sourceTree = "<group>"; xcLanguageSpecificationIdentifier = xcode.lang.cpp; };
		0B24FB50227AB83B00177483 /* OpenGL.framework */ = {isa = PBXFileReference; lastKnownFileType = wrapper.framework; name = OpenGL.framework; path = System/Library/Frameworks/OpenGL.framework; sourceTree = SDKROOT; };
		0B24FB52227AB84600177483 /* GLUT.framework */ = {isa = PBXFileReference; lastKnownFileType = wrapper.framework; name = GLUT.framework; path = System/Library/Frameworks/GLUT.framework; sourceTree = SDKROOT; };
		0B24FB54227AB85E00177483 /* libGLEW.2.1.0.dylib */ = {isa = PBXFileReference; lastKnownFileType = "compiled.mach-o.dylib"; name = libGLEW.2.1.0.dylib; path = ../../../../../../../../usr/local/Cellar/glew/2.1.0/lib/libGLEW.2.1.0.dylib; sourceTree = "<group>"; };
		0B24FB56227AB87100177483 /* glfw3.h */ = {isa = PBXFileReference; lastKnownFileType = sourcecode.c.h; name = glfw3.h; path = ../../../../../../../../usr/local/Cellar/glfw/3.2.1/include/GLFW/glfw3.h; sourceTree = "<group>"; };
		0B24FB58227AB88A00177483 /* libglfw.3.2.dylib */ = {isa = PBXFileReference; lastKnownFileType = "compiled.mach-o.dylib"; name = libglfw.3.2.dylib; path = ../../../../../../../../usr/local/Cellar/glfw/3.2.1/lib/libglfw.3.2.dylib; sourceTree = "<group>"; };
		0B24FB5A227AB8A400177483 /* mat4x4.hpp */ = {isa = PBXFileReference; lastKnownFileType = sourcecode.cpp.h; name = mat4x4.hpp; path = ../../../../../../../../usr/local/Cellar/glm/mat4x4.hpp; sourceTree = "<group>"; };
		0B24FB5C227AB8B800177483 /* glm.hpp */ = {isa = PBXFileReference; lastKnownFileType = sourcecode.cpp.h; name = glm.hpp; path = ../../../../../../../../usr/local/Cellar/glm/glm.hpp; sourceTree = "<group>"; };
		0B24FB5E227AB8D400177483 /* matrix_transform.hpp */ = {isa = PBXFileReference; lastKnownFileType = sourcecode.cpp.h; name = matrix_transform.hpp; path = ../../../../../../../../usr/local/Cellar/glm/gtc/matrix_transform.hpp; sourceTree = "<group>"; };
		0B24FB60227AB90000177483 /* type_ptr.hpp */ = {isa = PBXFileReference; lastKnownFileType = sourcecode.cpp.h; name = type_ptr.hpp; path = ../../../../../../../../usr/local/Cellar/glm/gtc/type_ptr.hpp; sourceTree = "<group>"; };
		0B24FB74227ABE9900177483 /* Mesh.cpp */ = {isa = PBXFileReference; lastKnownFileType = sourcecode.cpp.cpp; path = Mesh.cpp; sourceTree = "<group>"; };
		0B24FB76227AC05A00177483 /* Shader.h */ = {isa = PBXFileReference; lastKnownFileType = sourcecode.c.h; path = Shader.h; sourceTree = "<group>"; };
		0B24FB77227AC09A00177483 /* Shader.cpp */ = {isa = PBXFileReference; lastKnownFileType = sourcecode.cpp.cpp; path = Shader.cpp; sourceTree = "<group>"; };
		0B24FB79227AC0DD00177483 /* Window.h */ = {isa = PBXFileReference; lastKnownFileType = sourcecode.c.h; path = Window.h; sourceTree = "<group>"; };
		0B24FB7A227AC13F00177483 /* Window.cpp */ = {isa = PBXFileReference; lastKnownFileType = sourcecode.cpp.cpp; path = Window.cpp; sourceTree = "<group>"; };
		0B24FB7C227ADD1E00177483 /* Camera.h */ = {isa = PBXFileReference; lastKnownFileType = sourcecode.c.h; path = Camera.h; sourceTree = "<group>"; };
		0B24FB7D227ADD3600177483 /* Camera.cpp */ = {isa = PBXFileReference; lastKnownFileType = sourcecode.cpp.cpp; path = Camera.cpp; sourceTree = "<group>"; };
		0B24FB80227AF97100177483 /* Texture.cpp */ = {isa = PBXFileReference; lastKnownFileType = sourcecode.cpp.cpp; path = Texture.cpp; sourceTree = "<group>"; xcLanguageSpecificationIdentifier = xcode.lang.cpp; };
		0B24FB82227AF98300177483 /* Texture.h */ = {isa = PBXFileReference; lastKnownFileType = sourcecode.c.h; path = Texture.h; sourceTree = "<group>"; };
		0B24FB85227AFFB900177483 /* stb_image.h */ = {isa = PBXFileReference; lastKnownFileType = sourcecode.c.h; path = stb_image.h; sourceTree = "<group>"; };
		0B24FB86227B167800177483 /* Light.h */ = {isa = PBXFileReference; lastKnownFileType = sourcecode.c.h; path = Light.h; sourceTree = "<group>"; };
		0B24FB87227B169F00177483 /* Light.cpp */ = {isa = PBXFileReference; lastKnownFileType = sourcecode.cpp.cpp; path = Light.cpp; sourceTree = "<group>"; };
		0B24FB89227B2A8300177483 /* Material.h */ = {isa = PBXFileReference; lastKnownFileType = sourcecode.c.h; path = Material.h; sourceTree = "<group>"; };
		0B24FB8A227B2A9300177483 /* Material.cpp */ = {isa = PBXFileReference; lastKnownFileType = sourcecode.cpp.cpp; path = Material.cpp; sourceTree = "<group>"; };
		0B24FB8C227B377800177483 /* DirectionalLight.h */ = {isa = PBXFileReference; lastKnownFileType = sourcecode.c.h; path = DirectionalLight.h; sourceTree = "<group>"; };
		0B24FB8D227B384E00177483 /* DirectionalLight.cpp */ = {isa = PBXFileReference; lastKnownFileType = sourcecode.cpp.cpp; path = DirectionalLight.cpp; sourceTree = "<group>"; };
		0B24FB8F227B3B2700177483 /* PointLight.h */ = {isa = PBXFileReference; lastKnownFileType = sourcecode.c.h; path = PointLight.h; sourceTree = "<group>"; };
		0B24FB90227B3B3D00177483 /* PointLight.cpp */ = {isa = PBXFileReference; lastKnownFileType = sourcecode.cpp.cpp; path = PointLight.cpp; sourceTree = "<group>"; };
		0B24FB92227B40C300177483 /* CommonValues.h */ = {isa = PBXFileReference; lastKnownFileType = sourcecode.c.h; path = CommonValues.h; sourceTree = "<group>"; };
		0B4712F222839EE70047DBBF /* OmniShadowMap.cpp */ = {isa = PBXFileReference; lastKnownFileType = sourcecode.cpp.cpp; path = OmniShadowMap.cpp; sourceTree = "<group>"; };
		0B4712F322839EE70047DBBF /* OmniShadowMap.h */ = {isa = PBXFileReference; lastKnownFileType = sourcecode.c.h; path = OmniShadowMap.h; sourceTree = "<group>"; };
		0B4712F52283B75E0047DBBF /* Skybox.cpp */ = {isa = PBXFileReference; lastKnownFileType = sourcecode.cpp.cpp; path = Skybox.cpp; sourceTree = "<group>"; };
		0B4712F62283B75E0047DBBF /* Skybox.h */ = {isa = PBXFileReference; lastKnownFileType = sourcecode.c.h; path = Skybox.h; sourceTree = "<group>"; };
		0BCCB7A5227B759100B80699 /* SpotLight.h */ = {isa = PBXFileReference; lastKnownFileType = sourcecode.c.h; path = SpotLight.h; sourceTree = "<group>"; };
		0BCCB7A6227B75A800B80699 /* SpotLight.cpp */ = {isa = PBXFileReference; lastKnownFileType = sourcecode.cpp.cpp; path = SpotLight.cpp; sourceTree = "<group>"; };
		0BCCB7A8227BCBDF00B80699 /* uh60.mtl */ = {isa = PBXFileReference; fileEncoding = 4; lastKnownFileType = text; name = uh60.mtl; path = Models/uh60.mtl; sourceTree = "<group>"; };
		0BCCB7A9227BCC0300B80699 /* uh60.obj */ = {isa = PBXFileReference; fileEncoding = 4; lastKnownFileType = text; name = uh60.obj; path = Models/uh60.obj; sourceTree = "<group>"; };
		0BCCB7AA227F0A3300B80699 /* libassimp.4.1.0.dylib */ = {isa = PBXFileReference; lastKnownFileType = "compiled.mach-o.dylib"; name = libassimp.4.1.0.dylib; path = ../../../../../../../../usr/local/Cellar/assimp/4.1.0/lib/libassimp.4.1.0.dylib; sourceTree = "<group>"; };
		0BCCB7AC227F0A8C00B80699 /* Importer.hpp */ = {isa = PBXFileReference; lastKnownFileType = sourcecode.cpp.h; name = Importer.hpp; path = ../../../../../../../../usr/local/Cellar/assimp/4.1.0/include/assimp/Importer.hpp; sourceTree = "<group>"; };
		0BCCB7AE227F0B5300B80699 /* Model.cpp */ = {isa = PBXFileReference; lastKnownFileType = sourcecode.cpp.cpp; path = Model.cpp; sourceTree = "<group>"; };
		0BCCB7B0227F0B6400B80699 /* Model.h */ = {isa = PBXFileReference; lastKnownFileType = sourcecode.c.h; path = Model.h; sourceTree = "<group>"; };
		0BCCB7B1227F0C8400B80699 /* assimp */ = {isa = PBXFileReference; lastKnownFileType = folder; name = assimp; path = ../../../../../../../../usr/local/Cellar/assimp/4.1.0/include/assimp; sourceTree = "<group>"; };
		0BCCB7B3227F1E6E00B80699 /* Mesh.h */ = {isa = PBXFileReference; fileEncoding = 4; lastKnownFileType = sourcecode.c.h; path = Mesh.h; sourceTree = "<group>"; };
		0BCCB7B72281316F00B80699 /* ShadowMap.h */ = {isa = PBXFileReference; lastKnownFileType = sourcecode.c.h; path = ShadowMap.h; sourceTree = "<group>"; };
		0BCCB7B82281317D00B80699 /* ShadowMap.cpp */ = {isa = PBXFileReference; lastKnownFileType = sourcecode.cpp.cpp; path = ShadowMap.cpp; sourceTree = "<group>"; };
/* End PBXFileReference section */

/* Begin PBXFrameworksBuildPhase section */
		0B24FB232279D82D00177483 /* Frameworks */ = {
			isa = PBXFrameworksBuildPhase;
			buildActionMask = 2147483647;
			files = (
				0BCCB7B2227F0C8400B80699 /* assimp in Frameworks */,
				0BCCB7AD227F0A8C00B80699 /* Importer.hpp in Frameworks */,
				0BCCB7AB227F0A3300B80699 /* libassimp.4.1.0.dylib in Frameworks */,
				0B24FB61227AB90000177483 /* type_ptr.hpp in Frameworks */,
				0B24FB5D227AB8B800177483 /* glm.hpp in Frameworks */,
				0B24FB5F227AB8D400177483 /* matrix_transform.hpp in Frameworks */,
				0B24FB5B227AB8A400177483 /* mat4x4.hpp in Frameworks */,
				0B24FB59227AB88A00177483 /* libglfw.3.2.dylib in Frameworks */,
				0B24FB57227AB87100177483 /* glfw3.h in Frameworks */,
				0B24FB55227AB85E00177483 /* libGLEW.2.1.0.dylib in Frameworks */,
				0B24FB53227AB84600177483 /* GLUT.framework in Frameworks */,
				0B24FB51227AB83B00177483 /* OpenGL.framework in Frameworks */,
			);
			runOnlyForDeploymentPostprocessing = 0;
		};
/* End PBXFrameworksBuildPhase section */

/* Begin PBXGroup section */
		0B24FB1D2279D82D00177483 = {
			isa = PBXGroup;
			children = (
				0B24FB282279D82D00177483 /* CGV Project */,
				0B24FB272279D82D00177483 /* Products */,
				0B24FB4F227AB83B00177483 /* Frameworks */,
			);
			sourceTree = "<group>";
		};
		0B24FB272279D82D00177483 /* Products */ = {
			isa = PBXGroup;
			children = (
				0B24FB262279D82D00177483 /* CGV Project */,
			);
			name = Products;
			sourceTree = "<group>";
		};
		0B24FB282279D82D00177483 /* CGV Project */ = {
			isa = PBXGroup;
			children = (
				0B24FB292279D82D00177483 /* main.cpp */,
				0B4712F52283B75E0047DBBF /* Skybox.cpp */,
				0B4712F62283B75E0047DBBF /* Skybox.h */,
				0B4712F222839EE70047DBBF /* OmniShadowMap.cpp */,
				0B4712F322839EE70047DBBF /* OmniShadowMap.h */,
				0BCCB7B0227F0B6400B80699 /* Model.h */,
				0BCCB7AE227F0B5300B80699 /* Model.cpp */,
				0BCCB7A5227B759100B80699 /* SpotLight.h */,
				0BCCB7A6227B75A800B80699 /* SpotLight.cpp */,
				0B24FB8F227B3B2700177483 /* PointLight.h */,
				0B24FB90227B3B3D00177483 /* PointLight.cpp */,
				0B24FB8C227B377800177483 /* DirectionalLight.h */,
				0B24FB8D227B384E00177483 /* DirectionalLight.cpp */,
				0B24FB86227B167800177483 /* Light.h */,
				0B24FB87227B169F00177483 /* Light.cpp */,
				0B24FB82227AF98300177483 /* Texture.h */,
				0B24FB80227AF97100177483 /* Texture.cpp */,
				0BCCB7A8227BCBDF00B80699 /* uh60.mtl */,
				0BCCB7A9227BCC0300B80699 /* uh60.obj */,
				0B24FB85227AFFB900177483 /* stb_image.h */,
				0B24FB76227AC05A00177483 /* Shader.h */,
				0B24FB77227AC09A00177483 /* Shader.cpp */,
				0B24FB92227B40C300177483 /* CommonValues.h */,
				0B24FB79227AC0DD00177483 /* Window.h */,
				0B24FB7A227AC13F00177483 /* Window.cpp */,
				0B24FB7C227ADD1E00177483 /* Camera.h */,
				0B24FB7D227ADD3600177483 /* Camera.cpp */,
				0BCCB7B3227F1E6E00B80699 /* Mesh.h */,
				0B24FB74227ABE9900177483 /* Mesh.cpp */,
				0B24FB89227B2A8300177483 /* Material.h */,
				0B24FB8A227B2A9300177483 /* Material.cpp */,
				0BCCB7B72281316F00B80699 /* ShadowMap.h */,
				0BCCB7B82281317D00B80699 /* ShadowMap.cpp */,
			);
			path = "CGV Project";
			sourceTree = "<group>";
		};
		0B24FB4F227AB83B00177483 /* Frameworks */ = {
			isa = PBXGroup;
			children = (
				0BCCB7B1227F0C8400B80699 /* assimp */,
				0BCCB7AC227F0A8C00B80699 /* Importer.hpp */,
				0BCCB7AA227F0A3300B80699 /* libassimp.4.1.0.dylib */,
				0B24FB60227AB90000177483 /* type_ptr.hpp */,
				0B24FB5E227AB8D400177483 /* matrix_transform.hpp */,
				0B24FB5C227AB8B800177483 /* glm.hpp */,
				0B24FB5A227AB8A400177483 /* mat4x4.hpp */,
				0B24FB58227AB88A00177483 /* libglfw.3.2.dylib */,
				0B24FB56227AB87100177483 /* glfw3.h */,
				0B24FB54227AB85E00177483 /* libGLEW.2.1.0.dylib */,
				0B24FB52227AB84600177483 /* GLUT.framework */,
				0B24FB50227AB83B00177483 /* OpenGL.framework */,
			);
			name = Frameworks;
			sourceTree = "<group>";
		};
/* End PBXGroup section */

/* Begin PBXNativeTarget section */
		0B24FB252279D82D00177483 /* CGV Project */ = {
			isa = PBXNativeTarget;
			buildConfigurationList = 0B24FB2D2279D82D00177483 /* Build configuration list for PBXNativeTarget "CGV Project" */;
			buildPhases = (
				0B24FB222279D82D00177483 /* Sources */,
				0B24FB232279D82D00177483 /* Frameworks */,
				0B24FB242279D82D00177483 /* CopyFiles */,
			);
			buildRules = (
			);
			dependencies = (
			);
			name = "CGV Project";
			productName = "CGV Project";
			productReference = 0B24FB262279D82D00177483 /* CGV Project */;
			productType = "com.apple.product-type.tool";
		};
/* End PBXNativeTarget section */

/* Begin PBXProject section */
		0B24FB1E2279D82D00177483 /* Project object */ = {
			isa = PBXProject;
			attributes = {
				LastUpgradeCheck = 1010;
				ORGANIZATIONNAME = "Arnold Rebello";
				TargetAttributes = {
					0B24FB252279D82D00177483 = {
						CreatedOnToolsVersion = 10.1;
					};
				};
			};
			buildConfigurationList = 0B24FB212279D82D00177483 /* Build configuration list for PBXProject "CGV Project" */;
			compatibilityVersion = "Xcode 9.3";
			developmentRegion = en;
			hasScannedForEncodings = 0;
			knownRegions = (
				en,
			);
			mainGroup = 0B24FB1D2279D82D00177483;
			productRefGroup = 0B24FB272279D82D00177483 /* Products */;
			projectDirPath = "";
			projectRoot = "";
			targets = (
				0B24FB252279D82D00177483 /* CGV Project */,
			);
		};
/* End PBXProject section */

/* Begin PBXSourcesBuildPhase section */
		0B24FB222279D82D00177483 /* Sources */ = {
			isa = PBXSourcesBuildPhase;
			buildActionMask = 2147483647;
			files = (
				0B24FB88227B16A000177483 /* Light.cpp in Sources */,
				0B24FB91227B3B3D00177483 /* PointLight.cpp in Sources */,
				0BCCB7A7227B75A800B80699 /* SpotLight.cpp in Sources */,
				0BCCB7AF227F0B5300B80699 /* Model.cpp in Sources */,
				0B24FB75227ABE9900177483 /* Mesh.cpp in Sources */,
				0B24FB8E227B384E00177483 /* DirectionalLight.cpp in Sources */,
				0B24FB78227AC09A00177483 /* Shader.cpp in Sources */,
				0B24FB7E227ADD3600177483 /* Camera.cpp in Sources */,
				0B4712F72283B75E0047DBBF /* Skybox.cpp in Sources */,
				0BCCB7B92281317D00B80699 /* ShadowMap.cpp in Sources */,
				0B24FB8B227B2A9300177483 /* Material.cpp in Sources */,
				0B24FB81227AF97100177483 /* Texture.cpp in Sources */,
				0B4712F422839EE70047DBBF /* OmniShadowMap.cpp in Sources */,
				0B24FB2A2279D82D00177483 /* main.cpp in Sources */,
				0B24FB7B227AC13F00177483 /* Window.cpp in Sources */,
			);
			runOnlyForDeploymentPostprocessing = 0;
		};
/* End PBXSourcesBuildPhase section */

/* Begin XCBuildConfiguration section */
		0B24FB2B2279D82D00177483 /* Debug */ = {
			isa = XCBuildConfiguration;
			buildSettings = {
				ALWAYS_SEARCH_USER_PATHS = NO;
				CLANG_ANALYZER_NONNULL = YES;
				CLANG_ANALYZER_NUMBER_OBJECT_CONVERSION = YES_AGGRESSIVE;
				CLANG_CXX_LANGUAGE_STANDARD = "gnu++14";
				CLANG_CXX_LIBRARY = "libc++";
				CLANG_ENABLE_MODULES = YES;
				CLANG_ENABLE_OBJC_ARC = YES;
				CLANG_ENABLE_OBJC_WEAK = YES;
				CLANG_WARN_BLOCK_CAPTURE_AUTORELEASING = YES;
				CLANG_WARN_BOOL_CONVERSION = YES;
				CLANG_WARN_COMMA = YES;
				CLANG_WARN_CONSTANT_CONVERSION = YES;
				CLANG_WARN_DEPRECATED_OBJC_IMPLEMENTATIONS = YES;
				CLANG_WARN_DIRECT_OBJC_ISA_USAGE = YES_ERROR;
				CLANG_WARN_DOCUMENTATION_COMMENTS = YES;
				CLANG_WARN_EMPTY_BODY = YES;
				CLANG_WARN_ENUM_CONVERSION = YES;
				CLANG_WARN_INFINITE_RECURSION = YES;
				CLANG_WARN_INT_CONVERSION = YES;
				CLANG_WARN_NON_LITERAL_NULL_CONVERSION = YES;
				CLANG_WARN_OBJC_IMPLICIT_RETAIN_SELF = YES;
				CLANG_WARN_OBJC_LITERAL_CONVERSION = YES;
				CLANG_WARN_OBJC_ROOT_CLASS = YES_ERROR;
				CLANG_WARN_RANGE_LOOP_ANALYSIS = YES;
				CLANG_WARN_STRICT_PROTOTYPES = YES;
				CLANG_WARN_SUSPICIOUS_MOVE = YES;
				CLANG_WARN_UNGUARDED_AVAILABILITY = YES_AGGRESSIVE;
				CLANG_WARN_UNREACHABLE_CODE = YES;
				CLANG_WARN__DUPLICATE_METHOD_MATCH = YES;
				CODE_SIGN_IDENTITY = "Mac Developer";
				COPY_PHASE_STRIP = NO;
				DEBUG_INFORMATION_FORMAT = dwarf;
				ENABLE_STRICT_OBJC_MSGSEND = YES;
				ENABLE_TESTABILITY = YES;
				GCC_C_LANGUAGE_STANDARD = gnu11;
				GCC_DYNAMIC_NO_PIC = NO;
				GCC_NO_COMMON_BLOCKS = YES;
				GCC_OPTIMIZATION_LEVEL = 0;
				GCC_PREPROCESSOR_DEFINITIONS = (
					"DEBUG=1",
					"$(inherited)",
				);
				GCC_WARN_64_TO_32_BIT_CONVERSION = YES;
				GCC_WARN_ABOUT_RETURN_TYPE = YES_ERROR;
				GCC_WARN_UNDECLARED_SELECTOR = YES;
				GCC_WARN_UNINITIALIZED_AUTOS = YES_AGGRESSIVE;
				GCC_WARN_UNUSED_FUNCTION = YES;
				GCC_WARN_UNUSED_VARIABLE = YES;
				MACOSX_DEPLOYMENT_TARGET = 10.14;
				MTL_ENABLE_DEBUG_INFO = INCLUDE_SOURCE;
				MTL_FAST_MATH = YES;
				ONLY_ACTIVE_ARCH = YES;
				SDKROOT = macosx;
			};
			name = Debug;
		};
		0B24FB2C2279D82D00177483 /* Release */ = {
			isa = XCBuildConfiguration;
			buildSettings = {
				ALWAYS_SEARCH_USER_PATHS = NO;
				CLANG_ANALYZER_NONNULL = YES;
				CLANG_ANALYZER_NUMBER_OBJECT_CONVERSION = YES_AGGRESSIVE;
				CLANG_CXX_LANGUAGE_STANDARD = "gnu++14";
				CLANG_CXX_LIBRARY = "libc++";
				CLANG_ENABLE_MODULES = YES;
				CLANG_ENABLE_OBJC_ARC = YES;
				CLANG_ENABLE_OBJC_WEAK = YES;
				CLANG_WARN_BLOCK_CAPTURE_AUTORELEASING = YES;
				CLANG_WARN_BOOL_CONVERSION = YES;
				CLANG_WARN_COMMA = YES;
				CLANG_WARN_CONSTANT_CONVERSION = YES;
				CLANG_WARN_DEPRECATED_OBJC_IMPLEMENTATIONS = YES;
				CLANG_WARN_DIRECT_OBJC_ISA_USAGE = YES_ERROR;
				CLANG_WARN_DOCUMENTATION_COMMENTS = YES;
				CLANG_WARN_EMPTY_BODY = YES;
				CLANG_WARN_ENUM_CONVERSION = YES;
				CLANG_WARN_INFINITE_RECURSION = YES;
				CLANG_WARN_INT_CONVERSION = YES;
				CLANG_WARN_NON_LITERAL_NULL_CONVERSION = YES;
				CLANG_WARN_OBJC_IMPLICIT_RETAIN_SELF = YES;
				CLANG_WARN_OBJC_LITERAL_CONVERSION = YES;
				CLANG_WARN_OBJC_ROOT_CLASS = YES_ERROR;
				CLANG_WARN_RANGE_LOOP_ANALYSIS = YES;
				CLANG_WARN_STRICT_PROTOTYPES = YES;
				CLANG_WARN_SUSPICIOUS_MOVE = YES;
				CLANG_WARN_UNGUARDED_AVAILABILITY = YES_AGGRESSIVE;
				CLANG_WARN_UNREACHABLE_CODE = YES;
				CLANG_WARN__DUPLICATE_METHOD_MATCH = YES;
				CODE_SIGN_IDENTITY = "Mac Developer";
				COPY_PHASE_STRIP = NO;
				DEBUG_INFORMATION_FORMAT = "dwarf-with-dsym";
				ENABLE_NS_ASSERTIONS = NO;
				ENABLE_STRICT_OBJC_MSGSEND = YES;
				GCC_C_LANGUAGE_STANDARD = gnu11;
				GCC_NO_COMMON_BLOCKS = YES;
				GCC_WARN_64_TO_32_BIT_CONVERSION = YES;
				GCC_WARN_ABOUT_RETURN_TYPE = YES_ERROR;
				GCC_WARN_UNDECLARED_SELECTOR = YES;
				GCC_WARN_UNINITIALIZED_AUTOS = YES_AGGRESSIVE;
				GCC_WARN_UNUSED_FUNCTION = YES;
				GCC_WARN_UNUSED_VARIABLE = YES;
				MACOSX_DEPLOYMENT_TARGET = 10.14;
				MTL_ENABLE_DEBUG_INFO = NO;
				MTL_FAST_MATH = YES;
				SDKROOT = macosx;
			};
			name = Release;
		};
		0B24FB2E2279D82D00177483 /* Debug */ = {
			isa = XCBuildConfiguration;
			buildSettings = {
				CODE_SIGN_STYLE = Automatic;
				DEVELOPMENT_TEAM = XG23G3L52L;
				HEADER_SEARCH_PATHS = /usr/local/include;
				LIBRARY_SEARCH_PATHS = (
					"$(inherited)",
					/usr/local/Cellar/glew/2.1.0/lib,
					/usr/local/Cellar/glfw/3.2.1/lib,
					/usr/local/Cellar/assimp/4.1.0/lib,
				);
				PRODUCT_NAME = "$(TARGET_NAME)";
			};
			name = Debug;
		};
		0B24FB2F2279D82D00177483 /* Release */ = {
			isa = XCBuildConfiguration;
			buildSettings = {
				CODE_SIGN_STYLE = Automatic;
				DEVELOPMENT_TEAM = XG23G3L52L;
				HEADER_SEARCH_PATHS = /usr/local/include;
				LIBRARY_SEARCH_PATHS = (
					"$(inherited)",
					/usr/local/Cellar/glew/2.1.0/lib,
					/usr/local/Cellar/glfw/3.2.1/lib,
					/usr/local/Cellar/assimp/4.1.0/lib,
				);
				PRODUCT_NAME = "$(TARGET_NAME)";
			};
			name = Release;
		};
/* End XCBuildConfiguration section */

/* Begin XCConfigurationList section */
		0B24FB212279D82D00177483 /* Build configuration list for PBXProject "CGV Project" */ = {
			isa = XCConfigurationList;
			buildConfigurations = (
				0B24FB2B2279D82D00177483 /* Debug */,
				0B24FB2C2279D82D00177483 /* Release */,
			);
			defaultConfigurationIsVisible = 0;
			defaultConfigurationName = Release;
		};
		0B24FB2D2279D82D00177483 /* Build configuration list for PBXNativeTarget "CGV Project" */ = {
			isa = XCConfigurationList;
			buildConfigurations = (
				0B24FB2E2279D82D00177483 /* Debug */,
				0B24FB2F2279D82D00177483 /* Release */,
			);
			defaultConfigurationIsVisible = 0;
			defaultConfigurationName = Release;
		};
/* End XCConfigurationList section */
	};
	rootObject = 0B24FB1E2279D82D00177483 /* Project object */;
}
